
Microsoft Visual Studio Solution File, Format Version 12.00
# Visual Studio 15
VisualStudioVersion = 15.0.28010.2019
MinimumVisualStudioVersion = 10.0.40219.1
Project("{9A19103F-16F7-4668-BE54-9A1E7A4F7556}") = "AuthWebAPI.Client", "AuthWebAPI.Client\AuthWebAPI.Client.csproj", "{2DD76A8E-C14C-4F9C-933D-EB37CE26AEBE}"
EndProject
Global
	GlobalSection(SolutionConfigurationPlatforms) = preSolution
		Debug|Any CPU = Debug|Any CPU
		Release|Any CPU = Release|Any CPU
	EndGlobalSection
	GlobalSection(ProjectConfigurationPlatforms) = postSolution
		{2DD76A8E-C14C-4F9C-933D-EB37CE26AEBE}.Debug|Any CPU.ActiveCfg = Debug|Any CPU
		{2DD76A8E-C14C-4F9C-933D-EB37CE26AEBE}.Debug|Any CPU.Build.0 = Debug|Any CPU
		{2DD76A8E-C14C-4F9C-933D-EB37CE26AEBE}.Release|Any CPU.ActiveCfg = Release|Any CPU
		{2DD76A8E-C14C-4F9C-933D-EB37CE26AEBE}.Release|Any CPU.Build.0 = Release|Any CPU
	EndGlobalSection
	GlobalSection(SolutionProperties) = preSolution
		HideSolutionNode = FALSE
	EndGlobalSection
	GlobalSection(ExtensibilityGlobals) = postSolution
		SolutionGuid = {027BF846-3973-460F-B43F-7734E8EE6D4F}
	EndGlobalSection
EndGlobal
